// !$*UTF8*$!
{
	archiveVersion = 1;
	classes = {
	};
	objectVersion = 48;
	objects = {

/* Begin PBXBuildFile section */
		A024EE871F8CA84F0031869F /* AppDelegate.m in Sources */ = {isa = PBXBuildFile; fileRef = A024EE861F8CA84F0031869F /* AppDelegate.m */; };
		A024EE8A1F8CA84F0031869F /* ViewController.m in Sources */ = {isa = PBXBuildFile; fileRef = A024EE891F8CA84F0031869F /* ViewController.m */; };
		A024EE8D1F8CA84F0031869F /* Main.storyboard in Resources */ = {isa = PBXBuildFile; fileRef = A024EE8B1F8CA84F0031869F /* Main.storyboard */; };
		A024EE8F1F8CA84F0031869F /* Assets.xcassets in Resources */ = {isa = PBXBuildFile; fileRef = A024EE8E1F8CA84F0031869F /* Assets.xcassets */; };
		A024EE921F8CA84F0031869F /* LaunchScreen.storyboard in Resources */ = {isa = PBXBuildFile; fileRef = A024EE901F8CA84F0031869F /* LaunchScreen.storyboard */; };
		A024EE951F8CA84F0031869F /* main.m in Sources */ = {isa = PBXBuildFile; fileRef = A024EE941F8CA84F0031869F /* main.m */; };
		A062324D1F8CB67B00B2BA3A /* TJTestTravisCiTests.m in Sources */ = {isa = PBXBuildFile; fileRef = A062324C1F8CB67B00B2BA3A /* TJTestTravisCiTests.m */; };
/* End PBXBuildFile section */

/* Begin PBXContainerItemProxy section */
		A062324F1F8CB67B00B2BA3A /* PBXContainerItemProxy */ = {
			isa = PBXContainerItemProxy;
			containerPortal = A024EE7A1F8CA84F0031869F /* Project object */;
			proxyType = 1;
			remoteGlobalIDString = A024EE811F8CA84F0031869F;
			remoteInfo = TJTestTravisCi;
		};
/* End PBXContainerItemProxy section */

/* Begin PBXFileReference section */
		A024EE821F8CA84F0031869F /* TJTestTravisCi.app */ = {isa = PBXFileReference; explicitFileType = wrapper.application; includeInIndex = 0; path = TJTestTravisCi.app; sourceTree = BUILT_PRODUCTS_DIR; };
		A024EE851F8CA84F0031869F /* AppDelegate.h */ = {isa = PBXFileReference; lastKnownFileType = sourcecode.c.h; path = AppDelegate.h; sourceTree = "<group>"; };
		A024EE861F8CA84F0031869F /* AppDelegate.m */ = {isa = PBXFileReference; lastKnownFileType = sourcecode.c.objc; path = AppDelegate.m; sourceTree = "<group>"; };
		A024EE881F8CA84F0031869F /* ViewController.h */ = {isa = PBXFileReference; lastKnownFileType = sourcecode.c.h; path = ViewController.h; sourceTree = "<group>"; };
		A024EE891F8CA84F0031869F /* ViewController.m */ = {isa = PBXFileReference; lastKnownFileType = sourcecode.c.objc; path = ViewController.m; sourceTree = "<group>"; };
		A024EE8C1F8CA84F0031869F /* Base */ = {isa = PBXFileReference; lastKnownFileType = file.storyboard; name = Base; path = Base.lproj/Main.storyboard; sourceTree = "<group>"; };
		A024EE8E1F8CA84F0031869F /* Assets.xcassets */ = {isa = PBXFileReference; lastKnownFileType = folder.assetcatalog; path = Assets.xcassets; sourceTree = "<group>"; };
		A024EE911F8CA84F0031869F /* Base */ = {isa = PBXFileReference; lastKnownFileType = file.storyboard; name = Base; path = Base.lproj/LaunchScreen.storyboard; sourceTree = "<group>"; };
		A024EE931F8CA84F0031869F /* Info.plist */ = {isa = PBXFileReference; lastKnownFileType = text.plist.xml; path = Info.plist; sourceTree = "<group>"; };
		A024EE941F8CA84F0031869F /* main.m */ = {isa = PBXFileReference; lastKnownFileType = sourcecode.c.objc; path = main.m; sourceTree = "<group>"; };
		A062324A1F8CB67B00B2BA3A /* TJTestTravisCiTests.xctest */ = {isa = PBXFileReference; explicitFileType = wrapper.cfbundle; includeInIndex = 0; path = TJTestTravisCiTests.xctest; sourceTree = BUILT_PRODUCTS_DIR; };
		A062324C1F8CB67B00B2BA3A /* TJTestTravisCiTests.m */ = {isa = PBXFileReference; lastKnownFileType = sourcecode.c.objc; path = TJTestTravisCiTests.m; sourceTree = "<group>"; };
		A062324E1F8CB67B00B2BA3A /* Info.plist */ = {isa = PBXFileReference; lastKnownFileType = text.plist.xml; path = Info.plist; sourceTree = "<group>"; };
/* End PBXFileReference section */

/* Begin PBXFrameworksBuildPhase section */
		A024EE7F1F8CA84F0031869F /* Frameworks */ = {
			isa = PBXFrameworksBuildPhase;
			buildActionMask = 2147483647;
			files = (
			);
			runOnlyForDeploymentPostprocessing = 0;
		};
		A06232471F8CB67B00B2BA3A /* Frameworks */ = {
			isa = PBXFrameworksBuildPhase;
			buildActionMask = 2147483647;
			files = (
			);
			runOnlyForDeploymentPostprocessing = 0;
		};
/* End PBXFrameworksBuildPhase section */

/* Begin PBXGroup section */
		A024EE791F8CA84F0031869F = {
			isa = PBXGroup;
			children = (
				A024EE841F8CA84F0031869F /* TJTestTravisCi */,
				A062324B1F8CB67B00B2BA3A /* TJTestTravisCiTests */,
				A024EE831F8CA84F0031869F /* Products */,
			);
			sourceTree = "<group>";
		};
		A024EE831F8CA84F0031869F /* Products */ = {
			isa = PBXGroup;
			children = (
				A024EE821F8CA84F0031869F /* TJTestTravisCi.app */,
				A062324A1F8CB67B00B2BA3A /* TJTestTravisCiTests.xctest */,
			);
			name = Products;
			sourceTree = "<group>";
		};
		A024EE841F8CA84F0031869F /* TJTestTravisCi */ = {
			isa = PBXGroup;
			children = (
				A024EE851F8CA84F0031869F /* AppDelegate.h */,
				A024EE861F8CA84F0031869F /* AppDelegate.m */,
				A024EE881F8CA84F0031869F /* ViewController.h */,
				A024EE891F8CA84F0031869F /* ViewController.m */,
				A024EE8B1F8CA84F0031869F /* Main.storyboard */,
				A024EE8E1F8CA84F0031869F /* Assets.xcassets */,
				A024EE901F8CA84F0031869F /* LaunchScreen.storyboard */,
				A024EE931F8CA84F0031869F /* Info.plist */,
				A024EE941F8CA84F0031869F /* main.m */,
			);
			path = TJTestTravisCi;
			sourceTree = "<group>";
		};
		A062324B1F8CB67B00B2BA3A /* TJTestTravisCiTests */ = {
			isa = PBXGroup;
			children = (
				A062324C1F8CB67B00B2BA3A /* TJTestTravisCiTests.m */,
				A062324E1F8CB67B00B2BA3A /* Info.plist */,
			);
			path = TJTestTravisCiTests;
			sourceTree = "<group>";
		};
/* End PBXGroup section */

/* Begin PBXNativeTarget section */
		A024EE811F8CA84F0031869F /* TJTestTravisCi */ = {
			isa = PBXNativeTarget;
			buildConfigurationList = A024EE981F8CA84F0031869F /* Build configuration list for PBXNativeTarget "TJTestTravisCi" */;
			buildPhases = (
				A024EE7E1F8CA84F0031869F /* Sources */,
				A024EE7F1F8CA84F0031869F /* Frameworks */,
				A024EE801F8CA84F0031869F /* Resources */,
			);
			buildRules = (
			);
			dependencies = (
			);
			name = TJTestTravisCi;
			productName = TJTestTravisCi;
			productReference = A024EE821F8CA84F0031869F /* TJTestTravisCi.app */;
			productType = "com.apple.product-type.application";
		};
		A06232491F8CB67B00B2BA3A /* TJTestTravisCiTests */ = {
			isa = PBXNativeTarget;
			buildConfigurationList = A06232511F8CB67B00B2BA3A /* Build configuration list for PBXNativeTarget "TJTestTravisCiTests" */;
			buildPhases = (
				A06232461F8CB67B00B2BA3A /* Sources */,
				A06232471F8CB67B00B2BA3A /* Frameworks */,
				A06232481F8CB67B00B2BA3A /* Resources */,
			);
			buildRules = (
			);
			dependencies = (
				A06232501F8CB67B00B2BA3A /* PBXTargetDependency */,
			);
			name = TJTestTravisCiTests;
			productName = TJTestTravisCiTests;
			productReference = A062324A1F8CB67B00B2BA3A /* TJTestTravisCiTests.xctest */;
			productType = "com.apple.product-type.bundle.unit-test";
		};
/* End PBXNativeTarget section */

/* Begin PBXProject section */
		A024EE7A1F8CA84F0031869F /* Project object */ = {
			isa = PBXProject;
			attributes = {
				LastUpgradeCheck = 0900;
				ORGANIZATIONNAME = malai;
				TargetAttributes = {
					A024EE811F8CA84F0031869F = {
						CreatedOnToolsVersion = 9.0;
						ProvisioningStyle = Automatic;
					};
					A06232491F8CB67B00B2BA3A = {
						CreatedOnToolsVersion = 9.0;
						ProvisioningStyle = Automatic;
						TestTargetID = A024EE811F8CA84F0031869F;
					};
				};
			};
			buildConfigurationList = A024EE7D1F8CA84F0031869F /* Build configuration list for PBXProject "TJTestTravisCi" */;
			compatibilityVersion = "Xcode 8.0";
			developmentRegion = en;
			hasScannedForEncodings = 0;
			knownRegions = (
				en,
				Base,
			);
			mainGroup = A024EE791F8CA84F0031869F;
			productRefGroup = A024EE831F8CA84F0031869F /* Products */;
			projectDirPath = "";
			projectRoot = "";
			targets = (
				A024EE811F8CA84F0031869F /* TJTestTravisCi */,
				A06232491F8CB67B00B2BA3A /* TJTestTravisCiTests */,
			);
		};
/* End PBXProject section */

/* Begin PBXResourcesBuildPhase section */
		A024EE801F8CA84F0031869F /* Resources */ = {
			isa = PBXResourcesBuildPhase;
			buildActionMask = 2147483647;
			files = (
				A024EE921F8CA84F0031869F /* LaunchScreen.storyboard in Resources */,
				A024EE8F1F8CA84F0031869F /* Assets.xcassets in Resources */,
				A024EE8D1F8CA84F0031869F /* Main.storyboard in Resources */,
			);
			runOnlyForDeploymentPostprocessing = 0;
		};
		A06232481F8CB67B00B2BA3A /* Resources */ = {
			isa = PBXResourcesBuildPhase;
			buildActionMask = 2147483647;
			files = (
			);
			runOnlyForDeploymentPostprocessing = 0;
		};
/* End PBXResourcesBuildPhase section */

/* Begin PBXSourcesBuildPhase section */
		A024EE7E1F8CA84F0031869F /* Sources */ = {
			isa = PBXSourcesBuildPhase;
			buildActionMask = 2147483647;
			files = (
				A024EE8A1F8CA84F0031869F /* ViewController.m in Sources */,
				A024EE951F8CA84F0031869F /* main.m in Sources */,
				A024EE871F8CA84F0031869F /* AppDelegate.m in Sources */,
			);
			runOnlyForDeploymentPostprocessing = 0;
		};
		A06232461F8CB67B00B2BA3A /* Sources */ = {
			isa = PBXSourcesBuildPhase;
			buildActionMask = 2147483647;
			files = (
				A062324D1F8CB67B00B2BA3A /* TJTestTravisCiTests.m in Sources */,
			);
			runOnlyForDeploymentPostprocessing = 0;
		};
/* End PBXSourcesBuildPhase section */

/* Begin PBXTargetDependency section */
		A06232501F8CB67B00B2BA3A /* PBXTargetDependency */ = {
			isa = PBXTargetDependency;
			target = A024EE811F8CA84F0031869F /* TJTestTravisCi */;
			targetProxy = A062324F1F8CB67B00B2BA3A /* PBXContainerItemProxy */;
		};
/* End PBXTargetDependency section */

/* Begin PBXVariantGroup section */
		A024EE8B1F8CA84F0031869F /* Main.storyboard */ = {
			isa = PBXVariantGroup;
			children = (
				A024EE8C1F8CA84F0031869F /* Base */,
			);
			name = Main.storyboard;
			sourceTree = "<group>";
		};
		A024EE901F8CA84F0031869F /* LaunchScreen.storyboard */ = {
			isa = PBXVariantGroup;
			children = (
				A024EE911F8CA84F0031869F /* Base */,
			);
			name = LaunchScreen.storyboard;
			sourceTree = "<group>";
		};
/* End PBXVariantGroup section */

/* Begin XCBuildConfiguration section */
		A024EE961F8CA84F0031869F /* Debug */ = {
			isa = XCBuildConfiguration;
			buildSettings = {
				ALWAYS_SEARCH_USER_PATHS = NO;
				CLANG_ANALYZER_NONNULL = YES;
				CLANG_ANALYZER_NUMBER_OBJECT_CONVERSION = YES_AGGRESSIVE;
				CLANG_CXX_LANGUAGE_STANDARD = "gnu++14";
				CLANG_CXX_LIBRARY = "libc++";
				CLANG_ENABLE_MODULES = YES;
				CLANG_ENABLE_OBJC_ARC = YES;
				CLANG_WARN_BLOCK_CAPTURE_AUTORELEASING = YES;
				CLANG_WARN_BOOL_CONVERSION = YES;
				CLANG_WARN_COMMA = YES;
				CLANG_WARN_CONSTANT_CONVERSION = YES;
				CLANG_WARN_DIRECT_OBJC_ISA_USAGE = YES_ERROR;
				CLANG_WARN_DOCUMENTATION_COMMENTS = YES;
				CLANG_WARN_EMPTY_BODY = YES;
				CLANG_WARN_ENUM_CONVERSION = YES;
				CLANG_WARN_INFINITE_RECURSION = YES;
				CLANG_WARN_INT_CONVERSION = YES;
				CLANG_WARN_NON_LITERAL_NULL_CONVERSION = YES;
				CLANG_WARN_OBJC_LITERAL_CONVERSION = YES;
				CLANG_WARN_OBJC_ROOT_CLASS = YES_ERROR;
				CLANG_WARN_RANGE_LOOP_ANALYSIS = YES;
				CLANG_WARN_STRICT_PROTOTYPES = YES;
				CLANG_WARN_SUSPICIOUS_MOVE = YES;
				CLANG_WARN_UNGUARDED_AVAILABILITY = YES_AGGRESSIVE;
				CLANG_WARN_UNREACHABLE_CODE = YES;
				CLANG_WARN__DUPLICATE_METHOD_MATCH = YES;
				CODE_SIGN_IDENTITY = "iPhone Developer";
				COPY_PHASE_STRIP = NO;
				DEBUG_INFORMATION_FORMAT = dwarf;
				ENABLE_STRICT_OBJC_MSGSEND = YES;
				ENABLE_TESTABILITY = YES;
				GCC_C_LANGUAGE_STANDARD = gnu11;
				GCC_DYNAMIC_NO_PIC = NO;
				GCC_NO_COMMON_BLOCKS = YES;
				GCC_OPTIMIZATION_LEVEL = 0;
				GCC_PREPROCESSOR_DEFINITIONS = (
					"DEBUG=1",
					"$(inherited)",
				);
				GCC_WARN_64_TO_32_BIT_CONVERSION = YES;
				GCC_WARN_ABOUT_RETURN_TYPE = YES_ERROR;
				GCC_WARN_UNDECLARED_SELECTOR = YES;
				GCC_WARN_UNINITIALIZED_AUTOS = YES_AGGRESSIVE;
				GCC_WARN_UNUSED_FUNCTION = YES;
				GCC_WARN_UNUSED_VARIABLE = YES;
				IPHONEOS_DEPLOYMENT_TARGET = 8.0;
				MTL_ENABLE_DEBUG_INFO = YES;
				ONLY_ACTIVE_ARCH = YES;
				SDKROOT = iphoneos;
			};
			name = Debug;
		};
		A024EE971F8CA84F0031869F /* Release */ = {
			isa = XCBuildConfiguration;
			buildSettings = {
				ALWAYS_SEARCH_USER_PATHS = NO;
				CLANG_ANALYZER_NONNULL = YES;
				CLANG_ANALYZER_NUMBER_OBJECT_CONVERSION = YES_AGGRESSIVE;
				CLANG_CXX_LANGUAGE_STANDARD = "gnu++14";
				CLANG_CXX_LIBRARY = "libc++";
				CLANG_ENABLE_MODULES = YES;
				CLANG_ENABLE_OBJC_ARC = YES;
				CLANG_WARN_BLOCK_CAPTURE_AUTORELEASING = YES;
				CLANG_WARN_BOOL_CONVERSION = YES;
				CLANG_WARN_COMMA = YES;
				CLANG_WARN_CONSTANT_CONVERSION = YES;
				CLANG_WARN_DIRECT_OBJC_ISA_USAGE = YES_ERROR;
				CLANG_WARN_DOCUMENTATION_COMMENTS = YES;
				CLANG_WARN_EMPTY_BODY = YES;
				CLANG_WARN_ENUM_CONVERSION = YES;
				CLANG_WARN_INFINITE_RECURSION = YES;
				CLANG_WARN_INT_CONVERSION = YES;
				CLANG_WARN_NON_LITERAL_NULL_CONVERSION = YES;
				CLANG_WARN_OBJC_LITERAL_CONVERSION = YES;
				CLANG_WARN_OBJC_ROOT_CLASS = YES_ERROR;
				CLANG_WARN_RANGE_LOOP_ANALYSIS = YES;
				CLANG_WARN_STRICT_PROTOTYPES = YES;
				CLANG_WARN_SUSPICIOUS_MOVE = YES;
				CLANG_WARN_UNGUARDED_AVAILABILITY = YES_AGGRESSIVE;
				CLANG_WARN_UNREACHABLE_CODE = YES;
				CLANG_WARN__DUPLICATE_METHOD_MATCH = YES;
				CODE_SIGN_IDENTITY = "iPhone Developer";
				COPY_PHASE_STRIP = NO;
				DEBUG_INFORMATION_FORMAT = "dwarf-with-dsym";
				ENABLE_NS_ASSERTIONS = NO;
				ENABLE_STRICT_OBJC_MSGSEND = YES;
				GCC_C_LANGUAGE_STANDARD = gnu11;
				GCC_NO_COMMON_BLOCKS = YES;
				GCC_WARN_64_TO_32_BIT_CONVERSION = YES;
				GCC_WARN_ABOUT_RETURN_TYPE = YES_ERROR;
				GCC_WARN_UNDECLARED_SELECTOR = YES;
				GCC_WARN_UNINITIALIZED_AUTOS = YES_AGGRESSIVE;
				GCC_WARN_UNUSED_FUNCTION = YES;
				GCC_WARN_UNUSED_VARIABLE = YES;
				IPHONEOS_DEPLOYMENT_TARGET = 8.0;
				MTL_ENABLE_DEBUG_INFO = NO;
				SDKROOT = iphoneos;
				VALIDATE_PRODUCT = YES;
			};
			name = Release;
		};
		A024EE991F8CA84F0031869F /* Debug */ = {
			isa = XCBuildConfiguration;
			buildSettings = {
				ASSETCATALOG_COMPILER_APPICON_NAME = AppIcon;
				CODE_SIGN_STYLE = Automatic;
				DEVELOPMENT_TEAM = 8H3E5AB424;
				INFOPLIST_FILE = TJTestTravisCi/Info.plist;
				IPHONEOS_DEPLOYMENT_TARGET = 9.3;
				LD_RUNPATH_SEARCH_PATHS = "$(inherited) @executable_path/Frameworks";
				PRODUCT_BUNDLE_IDENTIFIER = com.lifesense.TJTestTravisCi;
				PRODUCT_NAME = "$(TARGET_NAME)";
				TARGETED_DEVICE_FAMILY = "1,2";
			};
			name = Debug;
		};
		A024EE9A1F8CA84F0031869F /* Release */ = {
			isa = XCBuildConfiguration;
			buildSettings = {
				ASSETCATALOG_COMPILER_APPICON_NAME = AppIcon;
				CODE_SIGN_STYLE = Automatic;
				DEVELOPMENT_TEAM = 8H3E5AB424;
				INFOPLIST_FILE = TJTestTravisCi/Info.plist;
				IPHONEOS_DEPLOYMENT_TARGET = 9.3;
				LD_RUNPATH_SEARCH_PATHS = "$(inherited) @executable_path/Frameworks";
				PRODUCT_BUNDLE_IDENTIFIER = com.lifesense.TJTestTravisCi;
				PRODUCT_NAME = "$(TARGET_NAME)";
				TARGETED_DEVICE_FAMILY = "1,2";
			};
			name = Release;
		};
		A06232521F8CB67B00B2BA3A /* Debug */ = {
			isa = XCBuildConfiguration;
			buildSettings = {
				BUNDLE_LOADER = "$(TEST_HOST)";
				CODE_SIGN_STYLE = Automatic;
				INFOPLIST_FILE = TJTestTravisCiTests/Info.plist;
				IPHONEOS_DEPLOYMENT_TARGET = 11.0;
				LD_RUNPATH_SEARCH_PATHS = "$(inherited) @executable_path/Frameworks @loader_path/Frameworks";
				PRODUCT_BUNDLE_IDENTIFIER = com.lifesense.TJTestTravisCiTests;
				PRODUCT_NAME = "$(TARGET_NAME)";
				TARGETED_DEVICE_FAMILY = "1,2";
				TEST_HOST = "$(BUILT_PRODUCTS_DIR)/TJTestTravisCi.app/TJTestTravisCi";
			};
			name = Debug;
		};
		A06232531F8CB67B00B2BA3A /* Release */ = {
			isa = XCBuildConfiguration;
			buildSettings = {
				BUNDLE_LOADER = "$(TEST_HOST)";
				CODE_SIGN_STYLE = Automatic;
				INFOPLIST_FILE = TJTestTravisCiTests/Info.plist;
				IPHONEOS_DEPLOYMENT_TARGET = 11.0;
				LD_RUNPATH_SEARCH_PATHS = "$(inherited) @executable_path/Frameworks @loader_path/Frameworks";
				PRODUCT_BUNDLE_IDENTIFIER = com.lifesense.TJTestTravisCiTests;
				PRODUCT_NAME = "$(TARGET_NAME)";
				TARGETED_DEVICE_FAMILY = "1,2";
				TEST_HOST = "$(BUILT_PRODUCTS_DIR)/TJTestTravisCi.app/TJTestTravisCi";
			};
			name = Release;
		};
/* End XCBuildConfiguration section */

/* Begin XCConfigurationList section */
		A024EE7D1F8CA84F0031869F /* Build configuration list for PBXProject "TJTestTravisCi" */ = {
			isa = XCConfigurationList;
			buildConfigurations = (
				A024EE961F8CA84F0031869F /* Debug */,
				A024EE971F8CA84F0031869F /* Release */,
			);
			defaultConfigurationIsVisible = 0;
			defaultConfigurationName = Release;
		};
		A024EE981F8CA84F0031869F /* Build configuration list for PBXNativeTarget "TJTestTravisCi" */ = {
			isa = XCConfigurationList;
			buildConfigurations = (
				A024EE991F8CA84F0031869F /* Debug */,
				A024EE9A1F8CA84F0031869F /* Release */,
			);
			defaultConfigurationIsVisible = 0;
			defaultConfigurationName = Release;
		};
		A06232511F8CB67B00B2BA3A /* Build configuration list for PBXNativeTarget "TJTestTravisCiTests" */ = {
			isa = XCConfigurationList;
			buildConfigurations = (
				A06232521F8CB67B00B2BA3A /* Debug */,
				A06232531F8CB67B00B2BA3A /* Release */,
			);
			defaultConfigurationIsVisible = 0;
			defaultConfigurationName = Release;
		};
/* End XCConfigurationList section */
	};
	rootObject = A024EE7A1F8CA84F0031869F /* Project object */;
}
